
Microsoft Visual Studio Solution File, Format Version 12.00
# Visual Studio Version 16
VisualStudioVersion = 16.0.31624.102
MinimumVisualStudioVersion = 10.0.40219.1
Project("{FAE04EC0-301F-11D3-BF4B-00C04F79EFBC}") = "WebAppRestaurantDemoApp", "WebAppRestaurantDemoApp.csproj", "{7B452199-0573-4B78-9277-62C6B10E2DB9}"
EndProject
Global
	GlobalSection(SolutionConfigurationPlatforms) = preSolution
		Debug|Any CPU = Debug|Any CPU
		Release|Any CPU = Release|Any CPU
	EndGlobalSection
	GlobalSection(ProjectConfigurationPlatforms) = postSolution
		{7B452199-0573-4B78-9277-62C6B10E2DB9}.Debug|Any CPU.ActiveCfg = Debug|Any CPU
		{7B452199-0573-4B78-9277-62C6B10E2DB9}.Debug|Any CPU.Build.0 = Debug|Any CPU
		{7B452199-0573-4B78-9277-62C6B10E2DB9}.Release|Any CPU.ActiveCfg = Release|Any CPU
		{7B452199-0573-4B78-9277-62C6B10E2DB9}.Release|Any CPU.Build.0 = Release|Any CPU
	EndGlobalSection
	GlobalSection(SolutionProperties) = preSolution
		HideSolutionNode = FALSE
	EndGlobalSection
	GlobalSection(ExtensibilityGlobals) = postSolution
		SolutionGuid = {8D2D94B4-F143-4A06-A19D-F59AF209F1F2}
	EndGlobalSection
EndGlobal
